{
  "name": "containership.plugin.standalone",
  "version": "0.0.0",
  "dependencies": {
    "async": {
      "version": "1.4.2",
      "from": "async@",
      "resolved": "https://registry.npmjs.org/async/-/async-1.4.2.tgz"
    },
    "containership.plugin": {
      "version": "0.2.2",
      "from": "containership.plugin@"
    },
    "lodash": {
      "version": "3.10.1",
      "from": "lodash@^3.10.1",
      "resolved": "https://registry.npmjs.org/lodash/-/lodash-3.10.1.tgz"
    }
  }
}
